
Microsoft Visual Studio Solution File, Format Version 12.00
Project("{FAE04EC0-301F-11D3-BF4B-00C04F79EFBC}") = "Neopixel", "Neopixel\Neopixel.csproj", "{A2A345B5-44FF-446D-B605-D000E0F5D3D4}"
EndProject
Project("{FAE04EC0-301F-11D3-BF4B-00C04F79EFBC}") = "NeopixelGame", "NeopixelGame\NeopixelGame.csproj", "{F048C142-F716-4BC7-86E2-C4EBAF3E55AA}"
EndProject
Project("{2150E333-8FDC-42A3-9474-1A3956D46DE8}") = "WebApp", "WebApp", "{B91FDC02-947F-4BA0-8691-A1C9ED9CB89B}"
EndProject
Project("{FAE04EC0-301F-11D3-BF4B-00C04F79EFBC}") = "NeopixelRestApi", "NeopixelRestApi\NeopixelRestApi.csproj", "{8D622720-6B32-443F-B60F-5DC63A8A7C0D}"
EndProject
Project("{FAE04EC0-301F-11D3-BF4B-00C04F79EFBC}") = "NeopixelControl", "NeopixelControl\NeopixelControl.csproj", "{5694ED7F-6B70-461F-9C91-2DE8D3C1B412}"
EndProject
Project("{FAE04EC0-301F-11D3-BF4B-00C04F79EFBC}") = "TestGame", "TestGame\TestGame.csproj", "{B8F980CB-4314-4BD2-9831-012694C21A09}"
EndProject
Project("{FAE04EC0-301F-11D3-BF4B-00C04F79EFBC}") = "Neopixel.MQTT", "Neopixel.MQTT\Neopixel.MQTT.csproj", "{BB75DE26-2879-4E76-976F-719A19F7AA1E}"
EndProject
Project("{FAE04EC0-301F-11D3-BF4B-00C04F79EFBC}") = "Neopixel.JsonApi", "Neopixel.JsonApi\Neopixel.JsonApi.csproj", "{46853E64-4995-4CDA-9F3F-D00A679EB525}"
EndProject
Global
	GlobalSection(SolutionConfigurationPlatforms) = preSolution
		Debug|Any CPU = Debug|Any CPU
		Release|Any CPU = Release|Any CPU
	EndGlobalSection
	GlobalSection(ProjectConfigurationPlatforms) = postSolution
		{A2A345B5-44FF-446D-B605-D000E0F5D3D4}.Debug|Any CPU.ActiveCfg = Debug|Any CPU
		{A2A345B5-44FF-446D-B605-D000E0F5D3D4}.Debug|Any CPU.Build.0 = Debug|Any CPU
		{A2A345B5-44FF-446D-B605-D000E0F5D3D4}.Release|Any CPU.ActiveCfg = Release|Any CPU
		{A2A345B5-44FF-446D-B605-D000E0F5D3D4}.Release|Any CPU.Build.0 = Release|Any CPU
		{F048C142-F716-4BC7-86E2-C4EBAF3E55AA}.Debug|Any CPU.ActiveCfg = Debug|Any CPU
		{F048C142-F716-4BC7-86E2-C4EBAF3E55AA}.Debug|Any CPU.Build.0 = Debug|Any CPU
		{F048C142-F716-4BC7-86E2-C4EBAF3E55AA}.Release|Any CPU.ActiveCfg = Release|Any CPU
		{F048C142-F716-4BC7-86E2-C4EBAF3E55AA}.Release|Any CPU.Build.0 = Release|Any CPU
		{8D622720-6B32-443F-B60F-5DC63A8A7C0D}.Debug|Any CPU.ActiveCfg = Debug|Any CPU
		{8D622720-6B32-443F-B60F-5DC63A8A7C0D}.Debug|Any CPU.Build.0 = Debug|Any CPU
		{8D622720-6B32-443F-B60F-5DC63A8A7C0D}.Release|Any CPU.ActiveCfg = Release|Any CPU
		{8D622720-6B32-443F-B60F-5DC63A8A7C0D}.Release|Any CPU.Build.0 = Release|Any CPU
		{5694ED7F-6B70-461F-9C91-2DE8D3C1B412}.Debug|Any CPU.ActiveCfg = Debug|Any CPU
		{5694ED7F-6B70-461F-9C91-2DE8D3C1B412}.Debug|Any CPU.Build.0 = Debug|Any CPU
		{5694ED7F-6B70-461F-9C91-2DE8D3C1B412}.Release|Any CPU.ActiveCfg = Release|Any CPU
		{5694ED7F-6B70-461F-9C91-2DE8D3C1B412}.Release|Any CPU.Build.0 = Release|Any CPU
		{B8F980CB-4314-4BD2-9831-012694C21A09}.Debug|Any CPU.ActiveCfg = Debug|Any CPU
		{B8F980CB-4314-4BD2-9831-012694C21A09}.Debug|Any CPU.Build.0 = Debug|Any CPU
		{B8F980CB-4314-4BD2-9831-012694C21A09}.Release|Any CPU.ActiveCfg = Release|Any CPU
		{B8F980CB-4314-4BD2-9831-012694C21A09}.Release|Any CPU.Build.0 = Release|Any CPU
		{BB75DE26-2879-4E76-976F-719A19F7AA1E}.Debug|Any CPU.ActiveCfg = Debug|Any CPU
		{BB75DE26-2879-4E76-976F-719A19F7AA1E}.Debug|Any CPU.Build.0 = Debug|Any CPU
		{BB75DE26-2879-4E76-976F-719A19F7AA1E}.Release|Any CPU.ActiveCfg = Release|Any CPU
		{BB75DE26-2879-4E76-976F-719A19F7AA1E}.Release|Any CPU.Build.0 = Release|Any CPU
		{46853E64-4995-4CDA-9F3F-D00A679EB525}.Debug|Any CPU.ActiveCfg = Debug|Any CPU
		{46853E64-4995-4CDA-9F3F-D00A679EB525}.Debug|Any CPU.Build.0 = Debug|Any CPU
		{46853E64-4995-4CDA-9F3F-D00A679EB525}.Release|Any CPU.ActiveCfg = Release|Any CPU
		{46853E64-4995-4CDA-9F3F-D00A679EB525}.Release|Any CPU.Build.0 = Release|Any CPU
	EndGlobalSection
	GlobalSection(NestedProjects) = preSolution
		{8D622720-6B32-443F-B60F-5DC63A8A7C0D} = {B91FDC02-947F-4BA0-8691-A1C9ED9CB89B}
		{5694ED7F-6B70-461F-9C91-2DE8D3C1B412} = {B91FDC02-947F-4BA0-8691-A1C9ED9CB89B}
		{BB75DE26-2879-4E76-976F-719A19F7AA1E} = {B91FDC02-947F-4BA0-8691-A1C9ED9CB89B}
		{46853E64-4995-4CDA-9F3F-D00A679EB525} = {B91FDC02-947F-4BA0-8691-A1C9ED9CB89B}
	EndGlobalSection
EndGlobal
